
Microsoft Visual Studio Solution File, Format Version 12.00
# Visual Studio Version 16
VisualStudioVersion = 16.0.34031.81
MinimumVisualStudioVersion = 10.0.40219.1
Project("{FAE04EC0-301F-11D3-BF4B-00C04F79EFBC}") = "Aplicación_", "Aplicación_\Aplicación_.csproj", "{D3274380-2DD5-4FFC-9487-5BFCD0B5E7BD}"
EndProject
Global
	GlobalSection(SolutionConfigurationPlatforms) = preSolution
		Debug|Any CPU = Debug|Any CPU
		Release|Any CPU = Release|Any CPU
	EndGlobalSection
	GlobalSection(ProjectConfigurationPlatforms) = postSolution
		{D3274380-2DD5-4FFC-9487-5BFCD0B5E7BD}.Debug|Any CPU.ActiveCfg = Debug|Any CPU
		{D3274380-2DD5-4FFC-9487-5BFCD0B5E7BD}.Debug|Any CPU.Build.0 = Debug|Any CPU
		{D3274380-2DD5-4FFC-9487-5BFCD0B5E7BD}.Release|Any CPU.ActiveCfg = Release|Any CPU
		{D3274380-2DD5-4FFC-9487-5BFCD0B5E7BD}.Release|Any CPU.Build.0 = Release|Any CPU
	EndGlobalSection
	GlobalSection(SolutionProperties) = preSolution
		HideSolutionNode = FALSE
	EndGlobalSection
	GlobalSection(ExtensibilityGlobals) = postSolution
		SolutionGuid = {CCEE26F7-71AB-430C-AD35-184614614436}
	EndGlobalSection
EndGlobal
